github.com/davecgh/go-spew v1.1.1 h1:vj9j/u1bqnvCEfJOwUhtlOARqs3+rkHYY13jYWTU97c=
github.com/davecgh/go-spew v1.1.1/go.mod h1:J7Y8YcW2NihsgmVo/mv3lAwl/skON4iLHjSsI+c5H38=
github.com/ekristen/libnuke v1.3.0 h1:HX9FcsmzwA0sWOuaaXUmKnuEgf/5ONwxTDhNJUhElvc=
github.com/ekristen/libnuke v1.3.0/go.mod h1:P5wHOoO92FKb/6Fh/tjmRtGo+mx4ehNcrStGhUc0HzM=
github.com/fatih/color v1.19.0 h1:Zp3PiM21/9Ld6FzSKyL5c/BULoe/ONr9KlbYVOfG8+w=
github.com/fatih/color v1.19.0/go.mod h1:zNk67I0ZUT1bEGsSGyCZYZNrHuTkJJB+r6Q9VuMi0LE=
github.com/golang-jwt/jwt/v5 v5.3.1 h1:kYf81DTWFe7t+1VvL7eS+jKFVWaUnK9cB1qbwn63YCY=
github.com/golang-jwt/jwt/v5 v5.3.1/go.mod h1:fxCRLWMO43lRc8nhHWY6LGqRcf+1gQWArsqaEUEa5bE=
github.com/google/go-cmp v0.7.0 h1:wk8382ETsv4JYUZwIsn6YpYiWiBsYLSJiTsyBybVuN8=
github.com/google/go-cmp v0.7.0/go.mod h1:pXiqmnSA92OHEEa9HXL2W4E7lf9JzCmGVUdgjX3N/iU=
github.com/google/uuid v1.6.0 h1:NIvaJDMOsjHA8n1jAhLSgzrAzy1Hgr+hNrb57e+94F0=
github.com/google/uuid v1.6.0/go.mod h1:TIyPZe4MgqvfeYDBFedMoGGpEw/LqOeaOT+nhxU+yHo=
github.com/gotidy/ptr v1.4.0 h1:7++suUs+HNHMnyz6/AW3SE+4EnBhupPSQTSI7QNijVc=
github.com/gotidy/ptr v1.4.0/go.mod h1:MjRBG6/IETiiZGWI8LrRtISXEji+8b/jigmj2q0mEyM=
github.com/kr/text v0.2.0 h1:5Nx0Ya0ZqY2ygV366QzturHI13Jq95ApcVaJBhpS+AY=
github.com/kr/text v0.2.0/go.mod h1:eLer722TekiGuMkidMxC/pM04lWEeraHUUmBw8l2grE=
github.com/mattn/go-colorable v0.1.14 h1:9A9LHSqF/7dyVVX6g0U9cwm9pG3kP9gSzcuIPHPsaIE=
github.com/mattn/go-colorable v0.1.14/go.mod h1:6LmQG8QLFO4G5z1gPvYEzlUgJ2wF+stgPZH1UqBm1s8=
github.com/mattn/go-isatty v0.0.20 h1:xfD0iDuEKnDkl03q4limB+vH+GxLEtL/jb4xVJSWWEY=
github.com/mattn/go-isatty v0.0.20/go.mod h1:W+V8PltTTMOvKvAeJH7IuucS94S2C6jfK/D7dTCTo3Y=
github.com/mb0/glob v0.0.0-20160210091149-1eb79d2de6c4 h1:NK3O7S5FRD/wj7ORQ5C3Mx1STpyEMuFe+/F0Lakd1Nk=
github.com/mb0/glob v0.0.0-20160210091149-1eb79d2de6c4/go.mod h1:FqD3ES5hx6zpzDainDaHgkTIqrPaI9uX4CVWqYZoQjY=
github.com/niemeyer/pretty v0.0.0-20200227124842-a10e7caefd8e h1:fD57ERR4JtEqsWbfPhv4DMiApHyliiK5xCTNVSPiaAs=
github.com/niemeyer/pretty v0.0.0-20200227124842-a10e7caefd8e/go.mod h1:zD1mROLANZcx1PVRCS0qkT7pwLkGfwJo4zjcN/Tysno=
github.com/pmezard/go-difflib v1.0.0 h1:4DBwDE0NGyQoBHbLQYPwSUPoCMWR5BEzIk/f1lZbAQM=
github.com/pmezard/go-difflib v1.0.0/go.mod h1:iKH77koFhYxTK1pcRnkKkqfTogsbg7gZNVY4sRDYZ/4=
github.com/sirupsen/logrus v1.9.4 h1:TsZE7l11zFCLZnZ+teH4Umoq5BhEIfIzfRDZ1Uzql2w=
github.com/sirupsen/logrus v1.9.4/go.mod h1:ftWc9WdOfJ0a92nsE2jF5u5ZwH8Bv2zdeOC42RjbV2g=
github.com/stackitcloud/stackit-sdk-go/core v0.23.0 h1:zPrOhf3Xe47rKRs1fg/AqKYUiJJRYjdcv+3qsS50mEs=
github.com/stackitcloud/stackit-sdk-go/core v0.23.0/go.mod h1:osMglDby4csGZ5sIfhNyYq1bS1TxIdPY88+skE/kkmI=
github.com/stackitcloud/stackit-sdk-go/core v0.25.0 h1:ra3VEk684MNoq741g+xbZrKjZzhyztq5liUAwwew4DY=
github.com/stackitcloud/stackit-sdk-go/core v0.25.0/go.mod h1:WU1hhxnjXw2EV7CYa1nlEvNpMiRY6CvmIOaHuL3pOaA=
github.com/stackitcloud/stackit-sdk-go/core v0.26.0 h1:jQEb9gkehfp6VCP6TcYk7BI10cz4l0KM2L6hqYBH2QA=
github.com/stackitcloud/stackit-sdk-go/core v0.26.0/go.mod h1:WU1hhxnjXw2EV7CYa1nlEvNpMiRY6CvmIOaHuL3pOaA=
github.com/stackitcloud/stackit-sdk-go/services/iaas v1.7.0 h1:WyOC7tEazOPF9PwlExsycYvhm2l9OcjGQfZHDAckVIc=
github.com/stackitcloud/stackit-sdk-go/services/iaas v1.7.0/go.mod h1:78hDXs5sEokK2sAaBSn79kodytszmDYEAuMS56kPHIw=
github.com/stackitcloud/stackit-sdk-go/services/iaas v1.10.0 h1:VPESpqrjooGWZ3bxvFEzPOQzr5yMT+vz8oMyo8hCq0Q=
github.com/stackitcloud/stackit-sdk-go/services/iaas v1.10.0/go.mod h1:WCwYRqQ5RYwd1GzQJoC9twmocvKuszZD11E7beYLsTI=
github.com/stackitcloud/stackit-sdk-go/services/iaas v1.10.1 h1:cnuhSWcd2MxG/LWkJgxTZCbtLCBLNSB31/iGfCj7rUw=
github.com/stackitcloud/stackit-sdk-go/services/iaas v1.10.1/go.mod h1:Qa7486Y17g07N/9HbAVEVPcPZ+e1l3y7F9I7j5nKewY=
github.com/stackitcloud/stackit-sdk-go/services/loadbalancer v1.10.1 h1:GWJ8FqI20Z4BYYprqi7CFN6imb6IF2H262a2H2VlB4A=
github.com/stackitcloud/stackit-sdk-go/services/loadbalancer v1.10.1/go.mod h1:hjXxEkJ247sa9IxoACRK8oUvly7Hux2qnIw7rj4c6xs=
github.com/stackitcloud/stackit-sdk-go/services/loadbalancer v1.12.0 h1:NV8gJ75nPvnJvxXVAp3zSoer04jq1LLxEhGZdH68jQU=
github.com/stackitcloud/stackit-sdk-go/services/loadbalancer v1.12.0/go.mod h1:vyTjtzGSh91dpOiZkwCZiIz054E554Oi4coPXYlec8s=
github.com/stackitcloud/stackit-sdk-go/services/loadbalancer v1.12.1 h1:aKIKKPdYEAw09ivHlXBVJdqXJax1eWPEe0oXkd8J/Zk=
github.com/stackitcloud/stackit-sdk-go/services/loadbalancer v1.12.1/go.mod h1:glY8R+mlF4JlUd00z7dxyv/LTgdgqrJ11TVx7yCfJyw=
github.com/stackitcloud/stackit-sdk-go/services/loadbalancer v1.12.2 h1:3Xnt5lnMmqVWChvH8lYJwpRoRatoqXfHlZ12wgNwUD4=
github.com/stackitcloud/stackit-sdk-go/services/loadbalancer v1.12.2/go.mod h1:+Ld3dn648I+YKcBV3fEkYpDSr3fel421+LurJGywSBs=
github.com/stackitcloud/stackit-sdk-go/services/mariadb v0.27.1 h1:YK2HxO+Nffe5BTt8jtWUyyES3sarjIH1GWlrqRaa4Ec=
github.com/stackitcloud/stackit-sdk-go/services/mariadb v0.27.1/go.mod h1:/8x9gLPt1ZqcAtyVP3dwqKA9FtdHMn5pcy1TSS5iSSg=
github.com/stackitcloud/stackit-sdk-go/services/mariadb v0.28.0 h1:hqOc5uW9Tx9jzkTGItezHigmgFQdnKJRhIzzYooNRfY=
github.com/stackitcloud/stackit-sdk-go/services/mariadb v0.28.0/go.mod h1:tlzd6L6Xvedw0NTXLDIBw9Ad9GgzunqfskfFbof53+U=
github.com/stackitcloud/stackit-sdk-go/services/mariadb v0.28.1 h1:ZcDYk4kjqZsw0zf4V4E3qIBemn1w2sS2xmq513tUlHA=
github.com/stackitcloud/stackit-sdk-go/services/mariadb v0.28.1/go.mod h1:+vb1QGTPB1ot/se+MAkFUOxFAl7McSCJdjphtGWlzXc=
github.com/stackitcloud/stackit-sdk-go/services/mariadb v0.28.2 h1:V1NyFrmtUlikjS5Zl1ml14++G7lvlEBTfF+v48cchwg=
github.com/stackitcloud/stackit-sdk-go/services/mariadb v0.28.2/go.mod h1:joa89Y1dyn0j22FstRcIKfW2ada3FDxNfttxSvq27uY=
github.com/stackitcloud/stackit-sdk-go/services/objectstorage v1.7.0 h1:UxnbsKm6PQV8Gudw/EhySaEh9q1xSaTG8mzJz1EvhnE=
github.com/stackitcloud/stackit-sdk-go/services/objectstorage v1.7.0/go.mod h1:RFL4h6JZvpsyFYbdJ3+eINEkletzJQTfrPdd+yPT/fU=
github.com/stackitcloud/stackit-sdk-go/services/objectstorage v1.8.0 h1:sL0SZL7Wwf+R9iEsK2jSESgKFikg1OLskTKVzCqsTLI=
github.com/stackitcloud/stackit-sdk-go/services/objectstorage v1.8.0/go.mod h1:2DSJhWhUHrT8KXiXlRSsPpQmeN0zXjIMKQIlgj0ZN98=
github.com/stackitcloud/stackit-sdk-go/services/objectstorage v1.8.1 h1:68pFYpbzSFq800N6nUxNIpnXYYXxjc/35pH9Mf36CF4=
github.com/stackitcloud/stackit-sdk-go/services/objectstorage v1.8.1/go.mod h1:2QQ8VPGC5KfqtfD2VaQAnBhpk3Y8VgVE7UlTDeZEZyc=
github.com/stackitcloud/stackit-sdk-go/services/postgresflex v1.6.1 h1:LEUoURJkIhUtId7KD3XQ7ySx2IK+vGfoApqamJ/9x5E=
github.com/stackitcloud/stackit-sdk-go/services/postgresflex v1.6.1/go.mod h1:ufEM1wk2aVGEBgDiAHXUBQbxQsg209slyBVevuZTjeU=
github.com/stackitcloud/stackit-sdk-go/services/postgresflex v1.7.0 h1:hh4ms3YfRdXpq3Uy3YV+Xvk6nSjsVML/Hpkyjhom6vc=
github.com/stackitcloud/stackit-sdk-go/services/postgresflex v1.7.0/go.mod h1:9lj+QIi6kcOv/QXm0n9JQzlftN5H5zK2O+Zsy/YmMsw=
github.com/stackitcloud/stackit-sdk-go/services/postgresflex v1.7.1 h1:BWa9O8iRU1l8izGIoH9/+GEF20uu8WDWSesqjdJ3+lg=
github.com/stackitcloud/stackit-sdk-go/services/postgresflex v1.7.1/go.mod h1:xBWn0vpyyh+IA4muynufqIKmc1fJPPp+uY/iXwa5epE=
github.com/stackitcloud/stackit-sdk-go/services/redis v0.27.1 h1:N0fBCzJftfCO0hHMJgX/lEQaBIST94ewrQ5rJT1loaQ=
github.com/stackitcloud/stackit-sdk-go/services/redis v0.27.1/go.mod h1:lQmEEwcR6f7GYSveWHI8cGNgZYKbusooJwa8BD4E2tU=
github.com/stackitcloud/stackit-sdk-go/services/redis v0.28.0 h1:C01KVthGmxZ0DS5JVVHqF/JorWO4mRacvtIq1w5vhVw=
github.com/stackitcloud/stackit-sdk-go/services/redis v0.28.0/go.mod h1:HEMROwiAjqmLKYJ+sx9jpci2mdq9qs4iY3aatz1WKr4=
github.com/stackitcloud/stackit-sdk-go/services/redis v0.28.1 h1:6loJq37rLpU84HY/rzmpZrBGPz2vKqhly8mUC8NcAu0=
github.com/stackitcloud/stackit-sdk-go/services/redis v0.28.1/go.mod h1:tAZ7VeO1wZO0Fp6gO/j96LLwgN0QbOD5qlWp+Ah3Yps=
github.com/stackitcloud/stackit-sdk-go/services/ske v1.10.0 h1:IzpPH3y0HmB85aHfExg6tzWQgrrecB7aZFv/dv/uACU=
github.com/stackitcloud/stackit-sdk-go/services/ske v1.10.0/go.mod h1:KhVYCR58wETqdI7Quwhe3OR3BhB2T/b7DzaMsfDnr8g=
github.com/stackitcloud/stackit-sdk-go/services/ske v1.12.0 h1:G6iUFDlrwCkCkwSV3eLNsFpVD24h6qV7D4pm0rqftnM=
github.com/stackitcloud/stackit-sdk-go/services/ske v1.12.0/go.mod h1:cSRF2ARIB6dKmvZ12Z5h1usKQligeZJ1JOiJk6Ds3wE=
github.com/stackitcloud/stackit-sdk-go/services/ske v1.13.0 h1:CSzqycERxxLsB/x6CJUPqTyqrwiQ6WG23XPlal3Szh0=
github.com/stackitcloud/stackit-sdk-go/services/ske v1.13.0/go.mod h1:Pvzgr+UTnWXlRVhiq2eigcLFIBwfgyviy8m4DLMgI0E=
github.com/stackitcloud/stackit-sdk-go/services/ske v1.14.0 h1:Zy3yxmHzW+ydu1naeESMh8psXhUglkOHZ+/F3SJMwX8=
github.com/stackitcloud/stackit-sdk-go/services/ske v1.14.0/go.mod h1:TbqmZhLMofmfl+HhVl6oHYcI3zvXTm1vRjN3A/fOkM4=
github.com/stevenle/topsort v0.2.0 h1:LLWgtp34HPX6/RBDRS0kElVxGOTzGBLI1lSAa5Lb46k=
github.com/stevenle/topsort v0.2.0/go.mod h1:ck2WG2/ZrOr6dLApQ/5Xrqy5wv3T0qhKYWE7r9tkibc=
github.com/stretchr/testify v1.11.1 h1:7s2iGBzp5EwR7/aIZr8ao5+dra3wiQyKjjFuvgVKu7U=
github.com/stretchr/testify v1.11.1/go.mod h1:wZwfW3scLgRK+23gO65QZefKpKQRnfz6sD981Nm4B6U=
github.com/urfave/cli/v3 v3.8.0 h1:XqKPrm0q4P0q5JpoclYoCAv0/MIvH/jZ2umzuf8pNTI=
github.com/urfave/cli/v3 v3.8.0/go.mod h1:ysVLtOEmg2tOy6PknnYVhDoouyC/6N42TMeoMzskhso=
golang.org/x/sync v0.20.0 h1:e0PTpb7pjO8GAtTs2dQ6jYa5BWYlMuX047Dco/pItO4=
golang.org/x/sync v0.20.0/go.mod h1:9xrNwdLfx4jkKbNva9FpL6vEN7evnE43NNNJQ2LF3+0=
golang.org/x/sys v0.6.0/go.mod h1:oPkhp1MJrh7nUepCBck5+mAzfO9JrbApNNgaTdGDITg=
golang.org/x/sys v0.42.0 h1:omrd2nAlyT5ESRdCLYdm3+fMfNFE/+Rf4bDIQImRJeo=
golang.org/x/sys v0.42.0/go.mod h1:4GL1E5IUh+htKOUEOaiffhrAeqysfVGipDYzABqnCmw=
gopkg.in/check.v1 v0.0.0-20161208181325-20d25e280405/go.mod h1:Co6ibVJAznAaIkqp8huTwlJQCZ016jof/cbN4VW5Yz0=
gopkg.in/check.v1 v1.0.0-20200227125254-8fa46927fb4f h1:BLraFXnmrev5lT+xlilqcH8XK9/i0At2xKjWk4p6zsU=
gopkg.in/check.v1 v1.0.0-20200227125254-8fa46927fb4f/go.mod h1:Co6ibVJAznAaIkqp8huTwlJQCZ016jof/cbN4VW5Yz0=
gopkg.in/yaml.v3 v3.0.1 h1:fxVm/GzAzEWqLHuvctI91KS9hhNmmWOoWu0XTYJS7CA=
gopkg.in/yaml.v3 v3.0.1/go.mod h1:K4uyk7z7BCEPqu6E+C64Yfv1cQ7kz7rIZviUmN+EgEM=
